
Microsoft Visual Studio Solution File, Format Version 12.00
# Visual Studio Version 16
VisualStudioVersion = 16.0.31515.178
MinimumVisualStudioVersion = 10.0.40219.1
Project("{2150E333-8FDC-42A3-9474-1A3956D46DE8}") = "Spinner", "Spinner", "{D7814BFD-2098-406F-98B8-352772B8438E}"
EndProject
Project("{FAE04EC0-301F-11D3-BF4B-00C04F79EFBC}") = "Elevate.Samples.SpinnerOld", "Elevate.Samples.SpinnerOld\Elevate.Samples.SpinnerOld.csproj", "{16674B86-0C11-45CC-95DC-87EB7692A039}"
EndProject
Project("{FAE04EC0-301F-11D3-BF4B-00C04F79EFBC}") = "Elevate.Samples.SpinnerNew", "Elevate.Samples.SpinnerNew\Elevate.Samples.SpinnerNew.csproj", "{A75A4A2B-D487-41BD-BFC9-FBA171E718E1}"
EndProject
Global
	GlobalSection(SolutionConfigurationPlatforms) = preSolution
		Debug|Any CPU = Debug|Any CPU
		Release|Any CPU = Release|Any CPU
	EndGlobalSection
	GlobalSection(ProjectConfigurationPlatforms) = postSolution
		{16674B86-0C11-45CC-95DC-87EB7692A039}.Debug|Any CPU.ActiveCfg = Debug|Any CPU
		{16674B86-0C11-45CC-95DC-87EB7692A039}.Debug|Any CPU.Build.0 = Debug|Any CPU
		{16674B86-0C11-45CC-95DC-87EB7692A039}.Release|Any CPU.ActiveCfg = Release|Any CPU
		{16674B86-0C11-45CC-95DC-87EB7692A039}.Release|Any CPU.Build.0 = Release|Any CPU
		{A75A4A2B-D487-41BD-BFC9-FBA171E718E1}.Debug|Any CPU.ActiveCfg = Debug|Any CPU
		{A75A4A2B-D487-41BD-BFC9-FBA171E718E1}.Debug|Any CPU.Build.0 = Debug|Any CPU
		{A75A4A2B-D487-41BD-BFC9-FBA171E718E1}.Release|Any CPU.ActiveCfg = Release|Any CPU
		{A75A4A2B-D487-41BD-BFC9-FBA171E718E1}.Release|Any CPU.Build.0 = Release|Any CPU
	EndGlobalSection
	GlobalSection(SolutionProperties) = preSolution
		HideSolutionNode = FALSE
	EndGlobalSection
	GlobalSection(NestedProjects) = preSolution
		{16674B86-0C11-45CC-95DC-87EB7692A039} = {D7814BFD-2098-406F-98B8-352772B8438E}
		{A75A4A2B-D487-41BD-BFC9-FBA171E718E1} = {D7814BFD-2098-406F-98B8-352772B8438E}
	EndGlobalSection
	GlobalSection(ExtensibilityGlobals) = postSolution
		SolutionGuid = {003ECF37-4A86-4408-A6C9-930C242B3C83}
	EndGlobalSection
EndGlobal
